
Microsoft Visual Studio Solution File, Format Version 11.00
# Visual Studio 2010
Project("{FAE04EC0-301F-11D3-BF4B-00C04F79EFBC}") = "W-EE Unit Viewer", "W-EE Unit Viewer.csproj", "{603C6F44-C91F-4992-97E2-56CB4D641015}"
EndProject
Global
	GlobalSection(SolutionConfigurationPlatforms) = preSolution
		Debug|x86 = Debug|x86
		Release|x86 = Release|x86
	EndGlobalSection
	GlobalSection(ProjectConfigurationPlatforms) = postSolution
		{603C6F44-C91F-4992-97E2-56CB4D641015}.Debug|x86.ActiveCfg = Debug|x86
		{603C6F44-C91F-4992-97E2-56CB4D641015}.Debug|x86.Build.0 = Debug|x86
		{603C6F44-C91F-4992-97E2-56CB4D641015}.Release|x86.ActiveCfg = Release|x86
		{603C6F44-C91F-4992-97E2-56CB4D641015}.Release|x86.Build.0 = Release|x86
	EndGlobalSection
	GlobalSection(SolutionProperties) = preSolution
		HideSolutionNode = FALSE
	EndGlobalSection
EndGlobal
